
Microsoft Visual Studio Solution File, Format Version 12.00
# Visual Studio Version 17
VisualStudioVersion = 17.6.33815.320
MinimumVisualStudioVersion = 10.0.40219.1
Project("{FAE04EC0-301F-11D3-BF4B-00C04F79EFBC}") = "Rules2.0", "Rules2.0\Rules2.0.csproj", "{9E738290-03BC-43D6-BF7B-CE9862D68E04}"
EndProject
Global
	GlobalSection(SolutionConfigurationPlatforms) = preSolution
		Debug|Any CPU = Debug|Any CPU
		Release|Any CPU = Release|Any CPU
	EndGlobalSection
	GlobalSection(ProjectConfigurationPlatforms) = postSolution
		{9E738290-03BC-43D6-BF7B-CE9862D68E04}.Debug|Any CPU.ActiveCfg = Debug|Any CPU
		{9E738290-03BC-43D6-BF7B-CE9862D68E04}.Debug|Any CPU.Build.0 = Debug|Any CPU
		{9E738290-03BC-43D6-BF7B-CE9862D68E04}.Release|Any CPU.ActiveCfg = Release|Any CPU
		{9E738290-03BC-43D6-BF7B-CE9862D68E04}.Release|Any CPU.Build.0 = Release|Any CPU
	EndGlobalSection
	GlobalSection(SolutionProperties) = preSolution
		HideSolutionNode = FALSE
	EndGlobalSection
	GlobalSection(ExtensibilityGlobals) = postSolution
		SolutionGuid = {E6BB50BD-73F8-44B7-BB92-3859AA505FC7}
	EndGlobalSection
EndGlobal
